
Microsoft Visual Studio Solution File, Format Version 12.00
# Visual Studio Version 17
VisualStudioVersion = 17.11.35219.272
MinimumVisualStudioVersion = 10.0.40219.1
Project("{FAE04EC0-301F-11D3-BF4B-00C04F79EFBC}") = "Composite", "Composite\Composite.csproj", "{AB686565-14AB-4F61-A137-4BAD6F25203B}"
EndProject
Global
	GlobalSection(SolutionConfigurationPlatforms) = preSolution
		Debug|Any CPU = Debug|Any CPU
		Release|Any CPU = Release|Any CPU
	EndGlobalSection
	GlobalSection(ProjectConfigurationPlatforms) = postSolution
		{AB686565-14AB-4F61-A137-4BAD6F25203B}.Debug|Any CPU.ActiveCfg = Debug|Any CPU
		{AB686565-14AB-4F61-A137-4BAD6F25203B}.Debug|Any CPU.Build.0 = Debug|Any CPU
		{AB686565-14AB-4F61-A137-4BAD6F25203B}.Release|Any CPU.ActiveCfg = Release|Any CPU
		{AB686565-14AB-4F61-A137-4BAD6F25203B}.Release|Any CPU.Build.0 = Release|Any CPU
	EndGlobalSection
	GlobalSection(SolutionProperties) = preSolution
		HideSolutionNode = FALSE
	EndGlobalSection
	GlobalSection(ExtensibilityGlobals) = postSolution
		SolutionGuid = {F71670E2-4ED2-491E-A7AC-DFE91E29F174}
	EndGlobalSection
EndGlobal
